
Microsoft Visual Studio Solution File, Format Version 12.00
# Visual Studio Version 17
VisualStudioVersion = 17.8.34330.188
MinimumVisualStudioVersion = 10.0.40219.1
Project("{FAE04EC0-301F-11D3-BF4B-00C04F79EFBC}") = "HelloWorldApp", "HelloWorldApp.csproj", "{8EFFE50C-3F8F-4492-B37B-6027E1A2B088}"
EndProject
Global
	GlobalSection(SolutionConfigurationPlatforms) = preSolution
		Debug|Any CPU = Debug|Any CPU
		Release|Any CPU = Release|Any CPU
	EndGlobalSection
	GlobalSection(ProjectConfigurationPlatforms) = postSolution
		{8EFFE50C-3F8F-4492-B37B-6027E1A2B088}.Debug|Any CPU.ActiveCfg = Debug|Any CPU
		{8EFFE50C-3F8F-4492-B37B-6027E1A2B088}.Debug|Any CPU.Build.0 = Debug|Any CPU
		{8EFFE50C-3F8F-4492-B37B-6027E1A2B088}.Release|Any CPU.ActiveCfg = Release|Any CPU
		{8EFFE50C-3F8F-4492-B37B-6027E1A2B088}.Release|Any CPU.Build.0 = Release|Any CPU
	EndGlobalSection
	GlobalSection(SolutionProperties) = preSolution
		HideSolutionNode = FALSE
	EndGlobalSection
	GlobalSection(ExtensibilityGlobals) = postSolution
		SolutionGuid = {D06CDF48-355F-4FCD-B2D1-7885237F447B}
	EndGlobalSection
EndGlobal
